
Microsoft Visual Studio Solution File, Format Version 12.00
# Visual Studio Version 16
VisualStudioVersion = 16.0.29509.3
MinimumVisualStudioVersion = 10.0.40219.1
Project("{FAE04EC0-301F-11D3-BF4B-00C04F79EFBC}") = "pp", "pp\pp.csproj", "{761D814D-33D3-4C08-B8EF-4A3454D1D386}"
EndProject
Global
	GlobalSection(SolutionConfigurationPlatforms) = preSolution
		Debug|Any CPU = Debug|Any CPU
		Release|Any CPU = Release|Any CPU
	EndGlobalSection
	GlobalSection(ProjectConfigurationPlatforms) = postSolution
		{761D814D-33D3-4C08-B8EF-4A3454D1D386}.Debug|Any CPU.ActiveCfg = Debug|Any CPU
		{761D814D-33D3-4C08-B8EF-4A3454D1D386}.Debug|Any CPU.Build.0 = Debug|Any CPU
		{761D814D-33D3-4C08-B8EF-4A3454D1D386}.Release|Any CPU.ActiveCfg = Release|Any CPU
		{761D814D-33D3-4C08-B8EF-4A3454D1D386}.Release|Any CPU.Build.0 = Release|Any CPU
	EndGlobalSection
	GlobalSection(SolutionProperties) = preSolution
		HideSolutionNode = FALSE
	EndGlobalSection
	GlobalSection(ExtensibilityGlobals) = postSolution
		SolutionGuid = {11412BCE-A58F-45D6-B3BA-AB61608607B0}
	EndGlobalSection
EndGlobal
